
Microsoft Visual Studio Solution File, Format Version 11.00
# Visual Studio 2010
Project("{FAE04EC0-301F-11D3-BF4B-00C04F79EFBC}") = "Assembly-CSharp", "Assembly-CSharp.csproj", "{044687DD-1F40-A82D-C135-73D22AFC8029}"
EndProject
Project("{FAE04EC0-301F-11D3-BF4B-00C04F79EFBC}") = "Assembly-CSharp-firstpass", "Assembly-CSharp-firstpass.csproj", "{8402965B-6047-56FE-531A-82E0599D4297}"
EndProject
Project("{FAE04EC0-301F-11D3-BF4B-00C04F79EFBC}") = "Assembly-CSharp-Editor", "Assembly-CSharp-Editor.csproj", "{B385138A-324D-79AC-CEC0-9AD17AC2C866}"
EndProject
Global
	GlobalSection(SolutionConfigurationPlatforms) = preSolution
		Debug|Any CPU = Debug|Any CPU
		Release|Any CPU = Release|Any CPU
	EndGlobalSection
	GlobalSection(ProjectConfigurationPlatforms) = postSolution
		{044687DD-1F40-A82D-C135-73D22AFC8029}.Debug|Any CPU.ActiveCfg = Debug|Any CPU
		{044687DD-1F40-A82D-C135-73D22AFC8029}.Debug|Any CPU.Build.0 = Debug|Any CPU
		{044687DD-1F40-A82D-C135-73D22AFC8029}.Release|Any CPU.ActiveCfg = Release|Any CPU
		{044687DD-1F40-A82D-C135-73D22AFC8029}.Release|Any CPU.Build.0 = Release|Any CPU
		{8402965B-6047-56FE-531A-82E0599D4297}.Debug|Any CPU.ActiveCfg = Debug|Any CPU
		{8402965B-6047-56FE-531A-82E0599D4297}.Debug|Any CPU.Build.0 = Debug|Any CPU
		{8402965B-6047-56FE-531A-82E0599D4297}.Release|Any CPU.ActiveCfg = Release|Any CPU
		{8402965B-6047-56FE-531A-82E0599D4297}.Release|Any CPU.Build.0 = Release|Any CPU
		{B385138A-324D-79AC-CEC0-9AD17AC2C866}.Debug|Any CPU.ActiveCfg = Debug|Any CPU
		{B385138A-324D-79AC-CEC0-9AD17AC2C866}.Debug|Any CPU.Build.0 = Debug|Any CPU
		{B385138A-324D-79AC-CEC0-9AD17AC2C866}.Release|Any CPU.ActiveCfg = Release|Any CPU
		{B385138A-324D-79AC-CEC0-9AD17AC2C866}.Release|Any CPU.Build.0 = Release|Any CPU
	EndGlobalSection
	GlobalSection(SolutionProperties) = preSolution
		HideSolutionNode = FALSE
	EndGlobalSection
EndGlobal
